
Microsoft Visual Studio Solution File, Format Version 12.00
# Visual Studio Version 16
VisualStudioVersion = 16.0.30114.105
MinimumVisualStudioVersion = 10.0.40219.1
Project("{2150E333-8FDC-42A3-9474-1A3956D46DE8}") = "api", "api", "{3D800737-793A-4D50-9DCA-52B6BE96116D}"
EndProject
Project("{FAE04EC0-301F-11D3-BF4B-00C04F79EFBC}") = "ContainerLabs1.Api", "api\ContainerLabs1.Api\ContainerLabs1.Api.csproj", "{8FC798B3-968F-419A-93A2-D1328EFBFA9C}"
EndProject
Global
	GlobalSection(SolutionConfigurationPlatforms) = preSolution
		Debug|Any CPU = Debug|Any CPU
		Release|Any CPU = Release|Any CPU
	EndGlobalSection
	GlobalSection(SolutionProperties) = preSolution
		HideSolutionNode = FALSE
	EndGlobalSection
	GlobalSection(ProjectConfigurationPlatforms) = postSolution
		{8FC798B3-968F-419A-93A2-D1328EFBFA9C}.Debug|Any CPU.ActiveCfg = Debug|Any CPU
		{8FC798B3-968F-419A-93A2-D1328EFBFA9C}.Debug|Any CPU.Build.0 = Debug|Any CPU
		{8FC798B3-968F-419A-93A2-D1328EFBFA9C}.Release|Any CPU.ActiveCfg = Release|Any CPU
		{8FC798B3-968F-419A-93A2-D1328EFBFA9C}.Release|Any CPU.Build.0 = Release|Any CPU
	EndGlobalSection
	GlobalSection(NestedProjects) = preSolution
		{8FC798B3-968F-419A-93A2-D1328EFBFA9C} = {3D800737-793A-4D50-9DCA-52B6BE96116D}
	EndGlobalSection
EndGlobal
